<?xml version="1.0" encoding="utf-8"?>
<Project ToolsVersion="17.0" xmlns="http://schemas.microsoft.com/developer/msbuild/2003">
  <ItemGroup>
    <CustomBuild Include="C:\Users\Michael\Development\CristalEngine\CristalEngine\vendor\LLGL\CMakeFiles\7cde99dce833b57962f5bfdbe8c28fc1\INSTALL_force.rule">
      <Filter>CMake Rules</Filter>
    </CustomBuild>
  </ItemGroup>
  <ItemGroup>
    <Filter Include="CMake Rules">
      <UniqueIdentifier>{F8DFFDB9-2EF5-35E7-B0A0-322E4F6BDEA5}</UniqueIdentifier>
    </Filter>
  </ItemGroup>
</Project>
