
Microsoft Visual Studio Solution File, Format Version 12.00
# Visual Studio Version 17
Project("{2150E333-8FDC-42A3-9474-1A3956D46DE8}") = "CMakePredefinedTargets", "CMakePredefinedTargets", "{808D6058-AFE8-3FD1-8529-D0F7DB0CDD2C}"
EndProject
Project("{2150E333-8FDC-42A3-9474-1A3956D46DE8}") = "LLGL", "LLGL", "{619D8760-F7C7-3DA3-9440-0AAA164EFE48}"
EndProject
Project("{8BC9CEB8-8B4A-11D0-8D11-00A0C91BC942}") = "ALL_BUILD", "ALL_BUILD.vcxproj", "{8DF5DFB5-976D-32FF-A228-5544F828FEBF}"
	ProjectSection(ProjectDependencies) = postProject
		{468064F4-D15B-3D73-A55A-AF4A1AE7054D} = {468064F4-D15B-3D73-A55A-AF4A1AE7054D}
		{7504F76C-1E98-30B1-BE05-31FC9A88B1DD} = {7504F76C-1E98-30B1-BE05-31FC9A88B1DD}
	EndProjectSection
EndProject
Project("{8BC9CEB8-8B4A-11D0-8D11-00A0C91BC942}") = "INSTALL", "INSTALL.vcxproj", "{1ECED083-C865-3B47-93D4-FDA9CD862D0A}"
	ProjectSection(ProjectDependencies) = postProject
		{8DF5DFB5-976D-32FF-A228-5544F828FEBF} = {8DF5DFB5-976D-32FF-A228-5544F828FEBF}
		{7504F76C-1E98-30B1-BE05-31FC9A88B1DD} = {7504F76C-1E98-30B1-BE05-31FC9A88B1DD}
	EndProjectSection
EndProject
Project("{8BC9CEB8-8B4A-11D0-8D11-00A0C91BC942}") = "LLGL_DXCommon", "LLGL_DXCommon.vcxproj", "{468064F4-D15B-3D73-A55A-AF4A1AE7054D}"
	ProjectSection(ProjectDependencies) = postProject
		{7504F76C-1E98-30B1-BE05-31FC9A88B1DD} = {7504F76C-1E98-30B1-BE05-31FC9A88B1DD}
	EndProjectSection
EndProject
Project("{8BC9CEB8-8B4A-11D0-8D11-00A0C91BC942}") = "ZERO_CHECK", "..\..\..\\ZERO_CHECK.vcxproj", "{7504F76C-1E98-30B1-BE05-31FC9A88B1DD}"
	ProjectSection(ProjectDependencies) = postProject
	EndProjectSection
EndProject
Global
	GlobalSection(SolutionConfigurationPlatforms) = preSolution
		Debug|x64 = Debug|x64
		Release|x64 = Release|x64
		MinSizeRel|x64 = MinSizeRel|x64
		RelWithDebInfo|x64 = RelWithDebInfo|x64
	EndGlobalSection
	GlobalSection(ProjectConfigurationPlatforms) = postSolution
		{8DF5DFB5-976D-32FF-A228-5544F828FEBF}.Debug|x64.ActiveCfg = Debug|x64
		{8DF5DFB5-976D-32FF-A228-5544F828FEBF}.Debug|x64.Build.0 = Debug|x64
		{8DF5DFB5-976D-32FF-A228-5544F828FEBF}.Release|x64.ActiveCfg = Release|x64
		{8DF5DFB5-976D-32FF-A228-5544F828FEBF}.Release|x64.Build.0 = Release|x64
		{8DF5DFB5-976D-32FF-A228-5544F828FEBF}.MinSizeRel|x64.ActiveCfg = MinSizeRel|x64
		{8DF5DFB5-976D-32FF-A228-5544F828FEBF}.MinSizeRel|x64.Build.0 = MinSizeRel|x64
		{8DF5DFB5-976D-32FF-A228-5544F828FEBF}.RelWithDebInfo|x64.ActiveCfg = RelWithDebInfo|x64
		{8DF5DFB5-976D-32FF-A228-5544F828FEBF}.RelWithDebInfo|x64.Build.0 = RelWithDebInfo|x64
		{1ECED083-C865-3B47-93D4-FDA9CD862D0A}.Debug|x64.ActiveCfg = Debug|x64
		{1ECED083-C865-3B47-93D4-FDA9CD862D0A}.Release|x64.ActiveCfg = Release|x64
		{1ECED083-C865-3B47-93D4-FDA9CD862D0A}.MinSizeRel|x64.ActiveCfg = MinSizeRel|x64
		{1ECED083-C865-3B47-93D4-FDA9CD862D0A}.RelWithDebInfo|x64.ActiveCfg = RelWithDebInfo|x64
		{468064F4-D15B-3D73-A55A-AF4A1AE7054D}.Debug|x64.ActiveCfg = Debug|x64
		{468064F4-D15B-3D73-A55A-AF4A1AE7054D}.Debug|x64.Build.0 = Debug|x64
		{468064F4-D15B-3D73-A55A-AF4A1AE7054D}.Release|x64.ActiveCfg = Release|x64
		{468064F4-D15B-3D73-A55A-AF4A1AE7054D}.Release|x64.Build.0 = Release|x64
		{468064F4-D15B-3D73-A55A-AF4A1AE7054D}.MinSizeRel|x64.ActiveCfg = MinSizeRel|x64
		{468064F4-D15B-3D73-A55A-AF4A1AE7054D}.MinSizeRel|x64.Build.0 = MinSizeRel|x64
		{468064F4-D15B-3D73-A55A-AF4A1AE7054D}.RelWithDebInfo|x64.ActiveCfg = RelWithDebInfo|x64
		{468064F4-D15B-3D73-A55A-AF4A1AE7054D}.RelWithDebInfo|x64.Build.0 = RelWithDebInfo|x64
		{7504F76C-1E98-30B1-BE05-31FC9A88B1DD}.Debug|x64.ActiveCfg = Debug|x64
		{7504F76C-1E98-30B1-BE05-31FC9A88B1DD}.Debug|x64.Build.0 = Debug|x64
		{7504F76C-1E98-30B1-BE05-31FC9A88B1DD}.Release|x64.ActiveCfg = Release|x64
		{7504F76C-1E98-30B1-BE05-31FC9A88B1DD}.Release|x64.Build.0 = Release|x64
		{7504F76C-1E98-30B1-BE05-31FC9A88B1DD}.MinSizeRel|x64.ActiveCfg = MinSizeRel|x64
		{7504F76C-1E98-30B1-BE05-31FC9A88B1DD}.MinSizeRel|x64.Build.0 = MinSizeRel|x64
		{7504F76C-1E98-30B1-BE05-31FC9A88B1DD}.RelWithDebInfo|x64.ActiveCfg = RelWithDebInfo|x64
		{7504F76C-1E98-30B1-BE05-31FC9A88B1DD}.RelWithDebInfo|x64.Build.0 = RelWithDebInfo|x64
	EndGlobalSection
	GlobalSection(NestedProjects) = preSolution
		{8DF5DFB5-976D-32FF-A228-5544F828FEBF} = {808D6058-AFE8-3FD1-8529-D0F7DB0CDD2C}
		{1ECED083-C865-3B47-93D4-FDA9CD862D0A} = {808D6058-AFE8-3FD1-8529-D0F7DB0CDD2C}
		{7504F76C-1E98-30B1-BE05-31FC9A88B1DD} = {808D6058-AFE8-3FD1-8529-D0F7DB0CDD2C}
		{468064F4-D15B-3D73-A55A-AF4A1AE7054D} = {619D8760-F7C7-3DA3-9440-0AAA164EFE48}
	EndGlobalSection
	GlobalSection(ExtensibilityGlobals) = postSolution
		SolutionGuid = {7BEF406E-099A-3A27-860E-F1E168FCFD71}
	EndGlobalSection
	GlobalSection(ExtensibilityAddIns) = postSolution
	EndGlobalSection
EndGlobal
