<?xml version="1.0" encoding="utf-8"?>
<Project ToolsVersion="4.0" xmlns="http://schemas.microsoft.com/developer/msbuild/2003">
  <ItemGroup>
    <Filter Include="Direct3D11">
      <UniqueIdentifier>{9979D092-8531-12E0-EE38-EB3BDA0FADD0}</UniqueIdentifier>
    </Filter>
  </ItemGroup>
  <ItemGroup>
    <ClInclude Include="Buffer\D3D11Buffer.h">
      <Filter>Direct3D11</Filter>
    </ClInclude>
    <ClInclude Include="Buffer\D3D11BufferArray.h">
      <Filter>Direct3D11</Filter>
    </ClInclude>
    <ClInclude Include="Buffer\D3D11BufferWithRV.h">
      <Filter>Direct3D11</Filter>
    </ClInclude>
    <ClInclude Include="Buffer\D3D11StagingBuffer.h">
      <Filter>Direct3D11</Filter>
    </ClInclude>
    <ClInclude Include="Buffer\D3D11StagingBufferPool.h">
      <Filter>Direct3D11</Filter>
    </ClInclude>
    <ClInclude Include="Command\D3D11Command.h">
      <Filter>Direct3D11</Filter>
    </ClInclude>
    <ClInclude Include="Command\D3D11CommandBuffer.h">
      <Filter>Direct3D11</Filter>
    </ClInclude>
    <ClInclude Include="Command\D3D11CommandContext.h">
      <Filter>Direct3D11</Filter>
    </ClInclude>
    <ClInclude Include="Command\D3D11CommandExecutor.h">
      <Filter>Direct3D11</Filter>
    </ClInclude>
    <ClInclude Include="Command\D3D11CommandOpcode.h">
      <Filter>Direct3D11</Filter>
    </ClInclude>
    <ClInclude Include="Command\D3D11CommandQueue.h">
      <Filter>Direct3D11</Filter>
    </ClInclude>
    <ClInclude Include="Command\D3D11PrimaryCommandBuffer.h">
      <Filter>Direct3D11</Filter>
    </ClInclude>
    <ClInclude Include="Command\D3D11SecondaryCommandBuffer.h">
      <Filter>Direct3D11</Filter>
    </ClInclude>
    <ClInclude Include="D3D11ObjectUtils.h">
      <Filter>Direct3D11</Filter>
    </ClInclude>
    <ClInclude Include="D3D11RenderSystem.h">
      <Filter>Direct3D11</Filter>
    </ClInclude>
    <ClInclude Include="D3D11ResourceFlags.h">
      <Filter>Direct3D11</Filter>
    </ClInclude>
    <ClInclude Include="D3D11SwapChain.h">
      <Filter>Direct3D11</Filter>
    </ClInclude>
    <ClInclude Include="D3D11Types.h">
      <Filter>Direct3D11</Filter>
    </ClInclude>
    <ClInclude Include="Direct3D11.h">
      <Filter>Direct3D11</Filter>
    </ClInclude>
    <ClInclude Include="RenderState\D3D11BindingLocator.h">
      <Filter>Direct3D11</Filter>
    </ClInclude>
    <ClInclude Include="RenderState\D3D11BindingTable.h">
      <Filter>Direct3D11</Filter>
    </ClInclude>
    <ClInclude Include="RenderState\D3D11ComputePSO.h">
      <Filter>Direct3D11</Filter>
    </ClInclude>
    <ClInclude Include="RenderState\D3D11ConstantsCache.h">
      <Filter>Direct3D11</Filter>
    </ClInclude>
    <ClInclude Include="RenderState\D3D11Fence.h">
      <Filter>Direct3D11</Filter>
    </ClInclude>
    <ClInclude Include="RenderState\D3D11GraphicsPSO.h">
      <Filter>Direct3D11</Filter>
    </ClInclude>
    <ClInclude Include="RenderState\D3D11GraphicsPSO1.h">
      <Filter>Direct3D11</Filter>
    </ClInclude>
    <ClInclude Include="RenderState\D3D11GraphicsPSO3.h">
      <Filter>Direct3D11</Filter>
    </ClInclude>
    <ClInclude Include="RenderState\D3D11GraphicsPSOBase.h">
      <Filter>Direct3D11</Filter>
    </ClInclude>
    <ClInclude Include="RenderState\D3D11PipelineLayout.h">
      <Filter>Direct3D11</Filter>
    </ClInclude>
    <ClInclude Include="RenderState\D3D11PipelineState.h">
      <Filter>Direct3D11</Filter>
    </ClInclude>
    <ClInclude Include="RenderState\D3D11QueryHeap.h">
      <Filter>Direct3D11</Filter>
    </ClInclude>
    <ClInclude Include="RenderState\D3D11RenderPass.h">
      <Filter>Direct3D11</Filter>
    </ClInclude>
    <ClInclude Include="RenderState\D3D11ResourceHeap.h">
      <Filter>Direct3D11</Filter>
    </ClInclude>
    <ClInclude Include="RenderState\D3D11ResourceType.h">
      <Filter>Direct3D11</Filter>
    </ClInclude>
    <ClInclude Include="RenderState\D3D11StateManager.h">
      <Filter>Direct3D11</Filter>
    </ClInclude>
    <ClInclude Include="Shader\Builtin\D3D11Builtin.h">
      <Filter>Direct3D11</Filter>
    </ClInclude>
    <ClInclude Include="Shader\D3D11BuiltinShaderFactory.h">
      <Filter>Direct3D11</Filter>
    </ClInclude>
    <ClInclude Include="Shader\D3D11CommonShader.h">
      <Filter>Direct3D11</Filter>
    </ClInclude>
    <ClInclude Include="Shader\D3D11DomainShader.h">
      <Filter>Direct3D11</Filter>
    </ClInclude>
    <ClInclude Include="Shader\D3D11Shader.h">
      <Filter>Direct3D11</Filter>
    </ClInclude>
    <ClInclude Include="Shader\D3D11VertexShader.h">
      <Filter>Direct3D11</Filter>
    </ClInclude>
    <ClInclude Include="Texture\D3D11MipGenerator.h">
      <Filter>Direct3D11</Filter>
    </ClInclude>
    <ClInclude Include="Texture\D3D11RenderTarget.h">
      <Filter>Direct3D11</Filter>
    </ClInclude>
    <ClInclude Include="Texture\D3D11RenderTargetHandles.h">
      <Filter>Direct3D11</Filter>
    </ClInclude>
    <ClInclude Include="Texture\D3D11Sampler.h">
      <Filter>Direct3D11</Filter>
    </ClInclude>
    <ClInclude Include="Texture\D3D11Texture.h">
      <Filter>Direct3D11</Filter>
    </ClInclude>
  </ItemGroup>
  <ItemGroup>
    <ClCompile Include="Buffer\D3D11Buffer.cpp">
      <Filter>Direct3D11</Filter>
    </ClCompile>
    <ClCompile Include="Buffer\D3D11BufferArray.cpp">
      <Filter>Direct3D11</Filter>
    </ClCompile>
    <ClCompile Include="Buffer\D3D11BufferWithRV.cpp">
      <Filter>Direct3D11</Filter>
    </ClCompile>
    <ClCompile Include="Buffer\D3D11StagingBuffer.cpp">
      <Filter>Direct3D11</Filter>
    </ClCompile>
    <ClCompile Include="Buffer\D3D11StagingBufferPool.cpp">
      <Filter>Direct3D11</Filter>
    </ClCompile>
    <ClCompile Include="Command\D3D11CommandBuffer.cpp">
      <Filter>Direct3D11</Filter>
    </ClCompile>
    <ClCompile Include="Command\D3D11CommandContext.cpp">
      <Filter>Direct3D11</Filter>
    </ClCompile>
    <ClCompile Include="Command\D3D11CommandExecutor.cpp">
      <Filter>Direct3D11</Filter>
    </ClCompile>
    <ClCompile Include="Command\D3D11CommandQueue.cpp">
      <Filter>Direct3D11</Filter>
    </ClCompile>
    <ClCompile Include="Command\D3D11PrimaryCommandBuffer.cpp">
      <Filter>Direct3D11</Filter>
    </ClCompile>
    <ClCompile Include="Command\D3D11SecondaryCommandBuffer.cpp">
      <Filter>Direct3D11</Filter>
    </ClCompile>
    <ClCompile Include="D3D11ModuleInterface.cpp">
      <Filter>Direct3D11</Filter>
    </ClCompile>
    <ClCompile Include="D3D11ObjectUtils.cpp">
      <Filter>Direct3D11</Filter>
    </ClCompile>
    <ClCompile Include="D3D11RenderSystem.cpp">
      <Filter>Direct3D11</Filter>
    </ClCompile>
    <ClCompile Include="D3D11ResourceFlags.cpp">
      <Filter>Direct3D11</Filter>
    </ClCompile>
    <ClCompile Include="D3D11StaticAssertions.cpp">
      <Filter>Direct3D11</Filter>
    </ClCompile>
    <ClCompile Include="D3D11SwapChain.cpp">
      <Filter>Direct3D11</Filter>
    </ClCompile>
    <ClCompile Include="D3D11Types.cpp">
      <Filter>Direct3D11</Filter>
    </ClCompile>
    <ClCompile Include="RenderState\D3D11BindingLocator.cpp">
      <Filter>Direct3D11</Filter>
    </ClCompile>
    <ClCompile Include="RenderState\D3D11BindingTable.cpp">
      <Filter>Direct3D11</Filter>
    </ClCompile>
    <ClCompile Include="RenderState\D3D11ComputePSO.cpp">
      <Filter>Direct3D11</Filter>
    </ClCompile>
    <ClCompile Include="RenderState\D3D11ConstantsCache.cpp">
      <Filter>Direct3D11</Filter>
    </ClCompile>
    <ClCompile Include="RenderState\D3D11Fence.cpp">
      <Filter>Direct3D11</Filter>
    </ClCompile>
    <ClCompile Include="RenderState\D3D11GraphicsPSO.cpp">
      <Filter>Direct3D11</Filter>
    </ClCompile>
    <ClCompile Include="RenderState\D3D11GraphicsPSO1.cpp">
      <Filter>Direct3D11</Filter>
    </ClCompile>
    <ClCompile Include="RenderState\D3D11GraphicsPSO3.cpp">
      <Filter>Direct3D11</Filter>
    </ClCompile>
    <ClCompile Include="RenderState\D3D11GraphicsPSOBase.cpp">
      <Filter>Direct3D11</Filter>
    </ClCompile>
    <ClCompile Include="RenderState\D3D11PipelineLayout.cpp">
      <Filter>Direct3D11</Filter>
    </ClCompile>
    <ClCompile Include="RenderState\D3D11PipelineState.cpp">
      <Filter>Direct3D11</Filter>
    </ClCompile>
    <ClCompile Include="RenderState\D3D11QueryHeap.cpp">
      <Filter>Direct3D11</Filter>
    </ClCompile>
    <ClCompile Include="RenderState\D3D11RenderPass.cpp">
      <Filter>Direct3D11</Filter>
    </ClCompile>
    <ClCompile Include="RenderState\D3D11ResourceHeap.cpp">
      <Filter>Direct3D11</Filter>
    </ClCompile>
    <ClCompile Include="RenderState\D3D11StateManager.cpp">
      <Filter>Direct3D11</Filter>
    </ClCompile>
    <ClCompile Include="Shader\D3D11BuiltinShaderFactory.cpp">
      <Filter>Direct3D11</Filter>
    </ClCompile>
    <ClCompile Include="Shader\D3D11CommonShader.cpp">
      <Filter>Direct3D11</Filter>
    </ClCompile>
    <ClCompile Include="Shader\D3D11DomainShader.cpp">
      <Filter>Direct3D11</Filter>
    </ClCompile>
    <ClCompile Include="Shader\D3D11Shader.cpp">
      <Filter>Direct3D11</Filter>
    </ClCompile>
    <ClCompile Include="Shader\D3D11VertexShader.cpp">
      <Filter>Direct3D11</Filter>
    </ClCompile>
    <ClCompile Include="Texture\D3D11MipGenerator.cpp">
      <Filter>Direct3D11</Filter>
    </ClCompile>
    <ClCompile Include="Texture\D3D11RenderTarget.cpp">
      <Filter>Direct3D11</Filter>
    </ClCompile>
    <ClCompile Include="Texture\D3D11RenderTargetHandles.cpp">
      <Filter>Direct3D11</Filter>
    </ClCompile>
    <ClCompile Include="Texture\D3D11Sampler.cpp">
      <Filter>Direct3D11</Filter>
    </ClCompile>
    <ClCompile Include="Texture\D3D11Texture.cpp">
      <Filter>Direct3D11</Filter>
    </ClCompile>
  </ItemGroup>
</Project>